
Microsoft Visual Studio Solution File, Format Version 12.00
# Visual Studio Version 17
VisualStudioVersion = 17.0.31903.59
MinimumVisualStudioVersion = 10.0.40219.1
Project("{2150E333-8FDC-42A3-9474-1A3956D46DE8}") = "src", "src", "{827E0CD3-B72D-47B6-A68D-7590B98EB39B}"
EndProject
Project("{2150E333-8FDC-42A3-9474-1A3956D46DE8}") = "BuildingBlocks", "BuildingBlocks", "{90298CBA-BD6F-3A0A-69D5-97CAD7B05E7E}"
EndProject
Project("{FAE04EC0-301F-11D3-BF4B-00C04F79EFBC}") = "PaymentFlow.Contracts", "src\BuildingBlocks\PaymentFlow.Contracts\PaymentFlow.Contracts.csproj", "{6436EE92-1B3A-4678-8879-516507FA6F34}"
EndProject
Project("{FAE04EC0-301F-11D3-BF4B-00C04F79EFBC}") = "PaymentFlow.Messaging", "src\BuildingBlocks\PaymentFlow.Messaging\PaymentFlow.Messaging.csproj", "{A75426BB-B036-4B0F-8996-62A3912F2A4A}"
EndProject
Project("{FAE04EC0-301F-11D3-BF4B-00C04F79EFBC}") = "PaymentFlow.Observability", "src\BuildingBlocks\PaymentFlow.Observability\PaymentFlow.Observability.csproj", "{55402F71-6B67-4B64-AF7C-C37A2BB8BCE0}"
EndProject
Project("{FAE04EC0-301F-11D3-BF4B-00C04F79EFBC}") = "PaymentFlow.SharedKernel", "src\BuildingBlocks\PaymentFlow.SharedKernel\PaymentFlow.SharedKernel.csproj", "{2404C475-F527-42D4-979B-4D762DA12575}"
EndProject
Project("{2150E333-8FDC-42A3-9474-1A3956D46DE8}") = "Infrastructure", "Infrastructure", "{9048EB7F-3875-A59E-E36B-5BD4C6F2A282}"
EndProject
Project("{FAE04EC0-301F-11D3-BF4B-00C04F79EFBC}") = "PaymentFlow.Outbox", "src\Infrastructure\PaymentFlow.Outbox\PaymentFlow.Outbox.csproj", "{39BAB99C-C6AE-4F1A-A8C0-1447E8CF867D}"
EndProject
Project("{FAE04EC0-301F-11D3-BF4B-00C04F79EFBC}") = "PaymentFlow.Persistence", "src\Infrastructure\PaymentFlow.Persistence\PaymentFlow.Persistence.csproj", "{0E9AC91E-47F0-4CE7-BBB7-F461009DABB1}"
EndProject
Project("{FAE04EC0-301F-11D3-BF4B-00C04F79EFBC}") = "PaymentFlow.RabbitMq", "src\Infrastructure\PaymentFlow.RabbitMq\PaymentFlow.RabbitMq.csproj", "{AEC53125-7C50-4D40-B1EB-7BCEABD87B3C}"
EndProject
Project("{2150E333-8FDC-42A3-9474-1A3956D46DE8}") = "Services", "Services", "{984BB9B3-3FA3-BE33-9484-CAC21695A33C}"
EndProject
Project("{FAE04EC0-301F-11D3-BF4B-00C04F79EFBC}") = "PaymentFlow.Audit.Worker", "src\Services\PaymentFlow.Audit.Worker\PaymentFlow.Audit.Worker.csproj", "{4E896A4E-CBE3-428A-A062-CE2567FBEA01}"
EndProject
Project("{FAE04EC0-301F-11D3-BF4B-00C04F79EFBC}") = "PaymentFlow.Fraud.Worker", "src\Services\PaymentFlow.Fraud.Worker\PaymentFlow.Fraud.Worker.csproj", "{B785F5E9-734A-44BC-9E32-6C1F0AC2D3AC}"
EndProject
Project("{FAE04EC0-301F-11D3-BF4B-00C04F79EFBC}") = "PaymentFlow.Notification.Worker", "src\Services\PaymentFlow.Notification.Worker\PaymentFlow.Notification.Worker.csproj", "{B9C8CD78-1789-4D86-AB78-6F7A128CD0F5}"
EndProject
Project("{FAE04EC0-301F-11D3-BF4B-00C04F79EFBC}") = "PaymentFlow.Payment.Api", "src\Services\PaymentFlow.Payment.Api\PaymentFlow.Payment.Api.csproj", "{AE5C5287-01E8-4DA5-AE77-36094CE45AC0}"
EndProject
Project("{FAE04EC0-301F-11D3-BF4B-00C04F79EFBC}") = "PaymentFlow.Processor.Worker", "src\Services\PaymentFlow.Processor.Worker\PaymentFlow.Processor.Worker.csproj", "{A2333CE4-2638-43DA-86D0-4466FB1D08EC}"
EndProject
Project("{2150E333-8FDC-42A3-9474-1A3956D46DE8}") = "tests", "tests", "{0AB3BF05-4346-4AA6-1389-037BE0695223}"
EndProject
Project("{2150E333-8FDC-42A3-9474-1A3956D46DE8}") = "Integration", "Integration", "{28A6993C-471E-82FE-7D9E-AD3B1EC22BD9}"
EndProject
Project("{FAE04EC0-301F-11D3-BF4B-00C04F79EFBC}") = "PaymentFlow.IntegrationTests", "tests\Integration\PaymentFlow.IntegrationTests\PaymentFlow.IntegrationTests.csproj", "{2D097547-1443-4D1E-A902-19297A0BB9AC}"
EndProject
Project("{2150E333-8FDC-42A3-9474-1A3956D46DE8}") = "Unit", "Unit", "{9D556B49-86D1-93A7-9596-FFAAB74EC556}"
EndProject
Project("{FAE04EC0-301F-11D3-BF4B-00C04F79EFBC}") = "PaymentFlow.UnitTests", "tests\Unit\PaymentFlow.UnitTests\PaymentFlow.UnitTests.csproj", "{259AA3ED-6424-4A25-ACDA-7C2A9EAE0855}"
EndProject
Global
	GlobalSection(SolutionConfigurationPlatforms) = preSolution
		Debug|Any CPU = Debug|Any CPU
		Debug|x64 = Debug|x64
		Debug|x86 = Debug|x86
		Release|Any CPU = Release|Any CPU
		Release|x64 = Release|x64
		Release|x86 = Release|x86
	EndGlobalSection
	GlobalSection(ProjectConfigurationPlatforms) = postSolution
		{6436EE92-1B3A-4678-8879-516507FA6F34}.Debug|Any CPU.ActiveCfg = Debug|Any CPU
		{6436EE92-1B3A-4678-8879-516507FA6F34}.Debug|Any CPU.Build.0 = Debug|Any CPU
		{6436EE92-1B3A-4678-8879-516507FA6F34}.Debug|x64.ActiveCfg = Debug|Any CPU
		{6436EE92-1B3A-4678-8879-516507FA6F34}.Debug|x64.Build.0 = Debug|Any CPU
		{6436EE92-1B3A-4678-8879-516507FA6F34}.Debug|x86.ActiveCfg = Debug|Any CPU
		{6436EE92-1B3A-4678-8879-516507FA6F34}.Debug|x86.Build.0 = Debug|Any CPU
		{6436EE92-1B3A-4678-8879-516507FA6F34}.Release|Any CPU.ActiveCfg = Release|Any CPU
		{6436EE92-1B3A-4678-8879-516507FA6F34}.Release|Any CPU.Build.0 = Release|Any CPU
		{6436EE92-1B3A-4678-8879-516507FA6F34}.Release|x64.ActiveCfg = Release|Any CPU
		{6436EE92-1B3A-4678-8879-516507FA6F34}.Release|x64.Build.0 = Release|Any CPU
		{6436EE92-1B3A-4678-8879-516507FA6F34}.Release|x86.ActiveCfg = Release|Any CPU
		{6436EE92-1B3A-4678-8879-516507FA6F34}.Release|x86.Build.0 = Release|Any CPU
		{A75426BB-B036-4B0F-8996-62A3912F2A4A}.Debug|Any CPU.ActiveCfg = Debug|Any CPU
		{A75426BB-B036-4B0F-8996-62A3912F2A4A}.Debug|Any CPU.Build.0 = Debug|Any CPU
		{A75426BB-B036-4B0F-8996-62A3912F2A4A}.Debug|x64.ActiveCfg = Debug|Any CPU
		{A75426BB-B036-4B0F-8996-62A3912F2A4A}.Debug|x64.Build.0 = Debug|Any CPU
		{A75426BB-B036-4B0F-8996-62A3912F2A4A}.Debug|x86.ActiveCfg = Debug|Any CPU
		{A75426BB-B036-4B0F-8996-62A3912F2A4A}.Debug|x86.Build.0 = Debug|Any CPU
		{A75426BB-B036-4B0F-8996-62A3912F2A4A}.Release|Any CPU.ActiveCfg = Release|Any CPU
		{A75426BB-B036-4B0F-8996-62A3912F2A4A}.Release|Any CPU.Build.0 = Release|Any CPU
		{A75426BB-B036-4B0F-8996-62A3912F2A4A}.Release|x64.ActiveCfg = Release|Any CPU
		{A75426BB-B036-4B0F-8996-62A3912F2A4A}.Release|x64.Build.0 = Release|Any CPU
		{A75426BB-B036-4B0F-8996-62A3912F2A4A}.Release|x86.ActiveCfg = Release|Any CPU
		{A75426BB-B036-4B0F-8996-62A3912F2A4A}.Release|x86.Build.0 = Release|Any CPU
		{55402F71-6B67-4B64-AF7C-C37A2BB8BCE0}.Debug|Any CPU.ActiveCfg = Debug|Any CPU
		{55402F71-6B67-4B64-AF7C-C37A2BB8BCE0}.Debug|Any CPU.Build.0 = Debug|Any CPU
		{55402F71-6B67-4B64-AF7C-C37A2BB8BCE0}.Debug|x64.ActiveCfg = Debug|Any CPU
		{55402F71-6B67-4B64-AF7C-C37A2BB8BCE0}.Debug|x64.Build.0 = Debug|Any CPU
		{55402F71-6B67-4B64-AF7C-C37A2BB8BCE0}.Debug|x86.ActiveCfg = Debug|Any CPU
		{55402F71-6B67-4B64-AF7C-C37A2BB8BCE0}.Debug|x86.Build.0 = Debug|Any CPU
		{55402F71-6B67-4B64-AF7C-C37A2BB8BCE0}.Release|Any CPU.ActiveCfg = Release|Any CPU
		{55402F71-6B67-4B64-AF7C-C37A2BB8BCE0}.Release|Any CPU.Build.0 = Release|Any CPU
		{55402F71-6B67-4B64-AF7C-C37A2BB8BCE0}.Release|x64.ActiveCfg = Release|Any CPU
		{55402F71-6B67-4B64-AF7C-C37A2BB8BCE0}.Release|x64.Build.0 = Release|Any CPU
		{55402F71-6B67-4B64-AF7C-C37A2BB8BCE0}.Release|x86.ActiveCfg = Release|Any CPU
		{55402F71-6B67-4B64-AF7C-C37A2BB8BCE0}.Release|x86.Build.0 = Release|Any CPU
		{2404C475-F527-42D4-979B-4D762DA12575}.Debug|Any CPU.ActiveCfg = Debug|Any CPU
		{2404C475-F527-42D4-979B-4D762DA12575}.Debug|Any CPU.Build.0 = Debug|Any CPU
		{2404C475-F527-42D4-979B-4D762DA12575}.Debug|x64.ActiveCfg = Debug|Any CPU
		{2404C475-F527-42D4-979B-4D762DA12575}.Debug|x64.Build.0 = Debug|Any CPU
		{2404C475-F527-42D4-979B-4D762DA12575}.Debug|x86.ActiveCfg = Debug|Any CPU
		{2404C475-F527-42D4-979B-4D762DA12575}.Debug|x86.Build.0 = Debug|Any CPU
		{2404C475-F527-42D4-979B-4D762DA12575}.Release|Any CPU.ActiveCfg = Release|Any CPU
		{2404C475-F527-42D4-979B-4D762DA12575}.Release|Any CPU.Build.0 = Release|Any CPU
		{2404C475-F527-42D4-979B-4D762DA12575}.Release|x64.ActiveCfg = Release|Any CPU
		{2404C475-F527-42D4-979B-4D762DA12575}.Release|x64.Build.0 = Release|Any CPU
		{2404C475-F527-42D4-979B-4D762DA12575}.Release|x86.ActiveCfg = Release|Any CPU
		{2404C475-F527-42D4-979B-4D762DA12575}.Release|x86.Build.0 = Release|Any CPU
		{39BAB99C-C6AE-4F1A-A8C0-1447E8CF867D}.Debug|Any CPU.ActiveCfg = Debug|Any CPU
		{39BAB99C-C6AE-4F1A-A8C0-1447E8CF867D}.Debug|Any CPU.Build.0 = Debug|Any CPU
		{39BAB99C-C6AE-4F1A-A8C0-1447E8CF867D}.Debug|x64.ActiveCfg = Debug|Any CPU
		{39BAB99C-C6AE-4F1A-A8C0-1447E8CF867D}.Debug|x64.Build.0 = Debug|Any CPU
		{39BAB99C-C6AE-4F1A-A8C0-1447E8CF867D}.Debug|x86.ActiveCfg = Debug|Any CPU
		{39BAB99C-C6AE-4F1A-A8C0-1447E8CF867D}.Debug|x86.Build.0 = Debug|Any CPU
		{39BAB99C-C6AE-4F1A-A8C0-1447E8CF867D}.Release|Any CPU.ActiveCfg = Release|Any CPU
		{39BAB99C-C6AE-4F1A-A8C0-1447E8CF867D}.Release|Any CPU.Build.0 = Release|Any CPU
		{39BAB99C-C6AE-4F1A-A8C0-1447E8CF867D}.Release|x64.ActiveCfg = Release|Any CPU
		{39BAB99C-C6AE-4F1A-A8C0-1447E8CF867D}.Release|x64.Build.0 = Release|Any CPU
		{39BAB99C-C6AE-4F1A-A8C0-1447E8CF867D}.Release|x86.ActiveCfg = Release|Any CPU
		{39BAB99C-C6AE-4F1A-A8C0-1447E8CF867D}.Release|x86.Build.0 = Release|Any CPU
		{0E9AC91E-47F0-4CE7-BBB7-F461009DABB1}.Debug|Any CPU.ActiveCfg = Debug|Any CPU
		{0E9AC91E-47F0-4CE7-BBB7-F461009DABB1}.Debug|Any CPU.Build.0 = Debug|Any CPU
		{0E9AC91E-47F0-4CE7-BBB7-F461009DABB1}.Debug|x64.ActiveCfg = Debug|Any CPU
		{0E9AC91E-47F0-4CE7-BBB7-F461009DABB1}.Debug|x64.Build.0 = Debug|Any CPU
		{0E9AC91E-47F0-4CE7-BBB7-F461009DABB1}.Debug|x86.ActiveCfg = Debug|Any CPU
		{0E9AC91E-47F0-4CE7-BBB7-F461009DABB1}.Debug|x86.Build.0 = Debug|Any CPU
		{0E9AC91E-47F0-4CE7-BBB7-F461009DABB1}.Release|Any CPU.ActiveCfg = Release|Any CPU
		{0E9AC91E-47F0-4CE7-BBB7-F461009DABB1}.Release|Any CPU.Build.0 = Release|Any CPU
		{0E9AC91E-47F0-4CE7-BBB7-F461009DABB1}.Release|x64.ActiveCfg = Release|Any CPU
		{0E9AC91E-47F0-4CE7-BBB7-F461009DABB1}.Release|x64.Build.0 = Release|Any CPU
		{0E9AC91E-47F0-4CE7-BBB7-F461009DABB1}.Release|x86.ActiveCfg = Release|Any CPU
		{0E9AC91E-47F0-4CE7-BBB7-F461009DABB1}.Release|x86.Build.0 = Release|Any CPU
		{AEC53125-7C50-4D40-B1EB-7BCEABD87B3C}.Debug|Any CPU.ActiveCfg = Debug|Any CPU
		{AEC53125-7C50-4D40-B1EB-7BCEABD87B3C}.Debug|Any CPU.Build.0 = Debug|Any CPU
		{AEC53125-7C50-4D40-B1EB-7BCEABD87B3C}.Debug|x64.ActiveCfg = Debug|Any CPU
		{AEC53125-7C50-4D40-B1EB-7BCEABD87B3C}.Debug|x64.Build.0 = Debug|Any CPU
		{AEC53125-7C50-4D40-B1EB-7BCEABD87B3C}.Debug|x86.ActiveCfg = Debug|Any CPU
		{AEC53125-7C50-4D40-B1EB-7BCEABD87B3C}.Debug|x86.Build.0 = Debug|Any CPU
		{AEC53125-7C50-4D40-B1EB-7BCEABD87B3C}.Release|Any CPU.ActiveCfg = Release|Any CPU
		{AEC53125-7C50-4D40-B1EB-7BCEABD87B3C}.Release|Any CPU.Build.0 = Release|Any CPU
		{AEC53125-7C50-4D40-B1EB-7BCEABD87B3C}.Release|x64.ActiveCfg = Release|Any CPU
		{AEC53125-7C50-4D40-B1EB-7BCEABD87B3C}.Release|x64.Build.0 = Release|Any CPU
		{AEC53125-7C50-4D40-B1EB-7BCEABD87B3C}.Release|x86.ActiveCfg = Release|Any CPU
		{AEC53125-7C50-4D40-B1EB-7BCEABD87B3C}.Release|x86.Build.0 = Release|Any CPU
		{4E896A4E-CBE3-428A-A062-CE2567FBEA01}.Debug|Any CPU.ActiveCfg = Debug|Any CPU
		{4E896A4E-CBE3-428A-A062-CE2567FBEA01}.Debug|Any CPU.Build.0 = Debug|Any CPU
		{4E896A4E-CBE3-428A-A062-CE2567FBEA01}.Debug|x64.ActiveCfg = Debug|Any CPU
		{4E896A4E-CBE3-428A-A062-CE2567FBEA01}.Debug|x64.Build.0 = Debug|Any CPU
		{4E896A4E-CBE3-428A-A062-CE2567FBEA01}.Debug|x86.ActiveCfg = Debug|Any CPU
		{4E896A4E-CBE3-428A-A062-CE2567FBEA01}.Debug|x86.Build.0 = Debug|Any CPU
		{4E896A4E-CBE3-428A-A062-CE2567FBEA01}.Release|Any CPU.ActiveCfg = Release|Any CPU
		{4E896A4E-CBE3-428A-A062-CE2567FBEA01}.Release|Any CPU.Build.0 = Release|Any CPU
		{4E896A4E-CBE3-428A-A062-CE2567FBEA01}.Release|x64.ActiveCfg = Release|Any CPU
		{4E896A4E-CBE3-428A-A062-CE2567FBEA01}.Release|x64.Build.0 = Release|Any CPU
		{4E896A4E-CBE3-428A-A062-CE2567FBEA01}.Release|x86.ActiveCfg = Release|Any CPU
		{4E896A4E-CBE3-428A-A062-CE2567FBEA01}.Release|x86.Build.0 = Release|Any CPU
		{B785F5E9-734A-44BC-9E32-6C1F0AC2D3AC}.Debug|Any CPU.ActiveCfg = Debug|Any CPU
		{B785F5E9-734A-44BC-9E32-6C1F0AC2D3AC}.Debug|Any CPU.Build.0 = Debug|Any CPU
		{B785F5E9-734A-44BC-9E32-6C1F0AC2D3AC}.Debug|x64.ActiveCfg = Debug|Any CPU
		{B785F5E9-734A-44BC-9E32-6C1F0AC2D3AC}.Debug|x64.Build.0 = Debug|Any CPU
		{B785F5E9-734A-44BC-9E32-6C1F0AC2D3AC}.Debug|x86.ActiveCfg = Debug|Any CPU
		{B785F5E9-734A-44BC-9E32-6C1F0AC2D3AC}.Debug|x86.Build.0 = Debug|Any CPU
		{B785F5E9-734A-44BC-9E32-6C1F0AC2D3AC}.Release|Any CPU.ActiveCfg = Release|Any CPU
		{B785F5E9-734A-44BC-9E32-6C1F0AC2D3AC}.Release|Any CPU.Build.0 = Release|Any CPU
		{B785F5E9-734A-44BC-9E32-6C1F0AC2D3AC}.Release|x64.ActiveCfg = Release|Any CPU
		{B785F5E9-734A-44BC-9E32-6C1F0AC2D3AC}.Release|x64.Build.0 = Release|Any CPU
		{B785F5E9-734A-44BC-9E32-6C1F0AC2D3AC}.Release|x86.ActiveCfg = Release|Any CPU
		{B785F5E9-734A-44BC-9E32-6C1F0AC2D3AC}.Release|x86.Build.0 = Release|Any CPU
		{B9C8CD78-1789-4D86-AB78-6F7A128CD0F5}.Debug|Any CPU.ActiveCfg = Debug|Any CPU
		{B9C8CD78-1789-4D86-AB78-6F7A128CD0F5}.Debug|Any CPU.Build.0 = Debug|Any CPU
		{B9C8CD78-1789-4D86-AB78-6F7A128CD0F5}.Debug|x64.ActiveCfg = Debug|Any CPU
		{B9C8CD78-1789-4D86-AB78-6F7A128CD0F5}.Debug|x64.Build.0 = Debug|Any CPU
		{B9C8CD78-1789-4D86-AB78-6F7A128CD0F5}.Debug|x86.ActiveCfg = Debug|Any CPU
		{B9C8CD78-1789-4D86-AB78-6F7A128CD0F5}.Debug|x86.Build.0 = Debug|Any CPU
		{B9C8CD78-1789-4D86-AB78-6F7A128CD0F5}.Release|Any CPU.ActiveCfg = Release|Any CPU
		{B9C8CD78-1789-4D86-AB78-6F7A128CD0F5}.Release|Any CPU.Build.0 = Release|Any CPU
		{B9C8CD78-1789-4D86-AB78-6F7A128CD0F5}.Release|x64.ActiveCfg = Release|Any CPU
		{B9C8CD78-1789-4D86-AB78-6F7A128CD0F5}.Release|x64.Build.0 = Release|Any CPU
		{B9C8CD78-1789-4D86-AB78-6F7A128CD0F5}.Release|x86.ActiveCfg = Release|Any CPU
		{B9C8CD78-1789-4D86-AB78-6F7A128CD0F5}.Release|x86.Build.0 = Release|Any CPU
		{AE5C5287-01E8-4DA5-AE77-36094CE45AC0}.Debug|Any CPU.ActiveCfg = Debug|Any CPU
		{AE5C5287-01E8-4DA5-AE77-36094CE45AC0}.Debug|Any CPU.Build.0 = Debug|Any CPU
		{AE5C5287-01E8-4DA5-AE77-36094CE45AC0}.Debug|x64.ActiveCfg = Debug|Any CPU
		{AE5C5287-01E8-4DA5-AE77-36094CE45AC0}.Debug|x64.Build.0 = Debug|Any CPU
		{AE5C5287-01E8-4DA5-AE77-36094CE45AC0}.Debug|x86.ActiveCfg = Debug|Any CPU
		{AE5C5287-01E8-4DA5-AE77-36094CE45AC0}.Debug|x86.Build.0 = Debug|Any CPU
		{AE5C5287-01E8-4DA5-AE77-36094CE45AC0}.Release|Any CPU.ActiveCfg = Release|Any CPU
		{AE5C5287-01E8-4DA5-AE77-36094CE45AC0}.Release|Any CPU.Build.0 = Release|Any CPU
		{AE5C5287-01E8-4DA5-AE77-36094CE45AC0}.Release|x64.ActiveCfg = Release|Any CPU
		{AE5C5287-01E8-4DA5-AE77-36094CE45AC0}.Release|x64.Build.0 = Release|Any CPU
		{AE5C5287-01E8-4DA5-AE77-36094CE45AC0}.Release|x86.ActiveCfg = Release|Any CPU
		{AE5C5287-01E8-4DA5-AE77-36094CE45AC0}.Release|x86.Build.0 = Release|Any CPU
		{A2333CE4-2638-43DA-86D0-4466FB1D08EC}.Debug|Any CPU.ActiveCfg = Debug|Any CPU
		{A2333CE4-2638-43DA-86D0-4466FB1D08EC}.Debug|Any CPU.Build.0 = Debug|Any CPU
		{A2333CE4-2638-43DA-86D0-4466FB1D08EC}.Debug|x64.ActiveCfg = Debug|Any CPU
		{A2333CE4-2638-43DA-86D0-4466FB1D08EC}.Debug|x64.Build.0 = Debug|Any CPU
		{A2333CE4-2638-43DA-86D0-4466FB1D08EC}.Debug|x86.ActiveCfg = Debug|Any CPU
		{A2333CE4-2638-43DA-86D0-4466FB1D08EC}.Debug|x86.Build.0 = Debug|Any CPU
		{A2333CE4-2638-43DA-86D0-4466FB1D08EC}.Release|Any CPU.ActiveCfg = Release|Any CPU
		{A2333CE4-2638-43DA-86D0-4466FB1D08EC}.Release|Any CPU.Build.0 = Release|Any CPU
		{A2333CE4-2638-43DA-86D0-4466FB1D08EC}.Release|x64.ActiveCfg = Release|Any CPU
		{A2333CE4-2638-43DA-86D0-4466FB1D08EC}.Release|x64.Build.0 = Release|Any CPU
		{A2333CE4-2638-43DA-86D0-4466FB1D08EC}.Release|x86.ActiveCfg = Release|Any CPU
		{A2333CE4-2638-43DA-86D0-4466FB1D08EC}.Release|x86.Build.0 = Release|Any CPU
		{2D097547-1443-4D1E-A902-19297A0BB9AC}.Debug|Any CPU.ActiveCfg = Debug|Any CPU
		{2D097547-1443-4D1E-A902-19297A0BB9AC}.Debug|Any CPU.Build.0 = Debug|Any CPU
		{2D097547-1443-4D1E-A902-19297A0BB9AC}.Debug|x64.ActiveCfg = Debug|Any CPU
		{2D097547-1443-4D1E-A902-19297A0BB9AC}.Debug|x64.Build.0 = Debug|Any CPU
		{2D097547-1443-4D1E-A902-19297A0BB9AC}.Debug|x86.ActiveCfg = Debug|Any CPU
		{2D097547-1443-4D1E-A902-19297A0BB9AC}.Debug|x86.Build.0 = Debug|Any CPU
		{2D097547-1443-4D1E-A902-19297A0BB9AC}.Release|Any CPU.ActiveCfg = Release|Any CPU
		{2D097547-1443-4D1E-A902-19297A0BB9AC}.Release|Any CPU.Build.0 = Release|Any CPU
		{2D097547-1443-4D1E-A902-19297A0BB9AC}.Release|x64.ActiveCfg = Release|Any CPU
		{2D097547-1443-4D1E-A902-19297A0BB9AC}.Release|x64.Build.0 = Release|Any CPU
		{2D097547-1443-4D1E-A902-19297A0BB9AC}.Release|x86.ActiveCfg = Release|Any CPU
		{2D097547-1443-4D1E-A902-19297A0BB9AC}.Release|x86.Build.0 = Release|Any CPU
		{259AA3ED-6424-4A25-ACDA-7C2A9EAE0855}.Debug|Any CPU.ActiveCfg = Debug|Any CPU
		{259AA3ED-6424-4A25-ACDA-7C2A9EAE0855}.Debug|Any CPU.Build.0 = Debug|Any CPU
		{259AA3ED-6424-4A25-ACDA-7C2A9EAE0855}.Debug|x64.ActiveCfg = Debug|Any CPU
		{259AA3ED-6424-4A25-ACDA-7C2A9EAE0855}.Debug|x64.Build.0 = Debug|Any CPU
		{259AA3ED-6424-4A25-ACDA-7C2A9EAE0855}.Debug|x86.ActiveCfg = Debug|Any CPU
		{259AA3ED-6424-4A25-ACDA-7C2A9EAE0855}.Debug|x86.Build.0 = Debug|Any CPU
		{259AA3ED-6424-4A25-ACDA-7C2A9EAE0855}.Release|Any CPU.ActiveCfg = Release|Any CPU
		{259AA3ED-6424-4A25-ACDA-7C2A9EAE0855}.Release|Any CPU.Build.0 = Release|Any CPU
		{259AA3ED-6424-4A25-ACDA-7C2A9EAE0855}.Release|x64.ActiveCfg = Release|Any CPU
		{259AA3ED-6424-4A25-ACDA-7C2A9EAE0855}.Release|x64.Build.0 = Release|Any CPU
		{259AA3ED-6424-4A25-ACDA-7C2A9EAE0855}.Release|x86.ActiveCfg = Release|Any CPU
		{259AA3ED-6424-4A25-ACDA-7C2A9EAE0855}.Release|x86.Build.0 = Release|Any CPU
	EndGlobalSection
	GlobalSection(SolutionProperties) = preSolution
		HideSolutionNode = FALSE
	EndGlobalSection
	GlobalSection(NestedProjects) = preSolution
		{90298CBA-BD6F-3A0A-69D5-97CAD7B05E7E} = {827E0CD3-B72D-47B6-A68D-7590B98EB39B}
		{6436EE92-1B3A-4678-8879-516507FA6F34} = {90298CBA-BD6F-3A0A-69D5-97CAD7B05E7E}
		{A75426BB-B036-4B0F-8996-62A3912F2A4A} = {90298CBA-BD6F-3A0A-69D5-97CAD7B05E7E}
		{55402F71-6B67-4B64-AF7C-C37A2BB8BCE0} = {90298CBA-BD6F-3A0A-69D5-97CAD7B05E7E}
		{2404C475-F527-42D4-979B-4D762DA12575} = {90298CBA-BD6F-3A0A-69D5-97CAD7B05E7E}
		{9048EB7F-3875-A59E-E36B-5BD4C6F2A282} = {827E0CD3-B72D-47B6-A68D-7590B98EB39B}
		{39BAB99C-C6AE-4F1A-A8C0-1447E8CF867D} = {9048EB7F-3875-A59E-E36B-5BD4C6F2A282}
		{0E9AC91E-47F0-4CE7-BBB7-F461009DABB1} = {9048EB7F-3875-A59E-E36B-5BD4C6F2A282}
		{AEC53125-7C50-4D40-B1EB-7BCEABD87B3C} = {9048EB7F-3875-A59E-E36B-5BD4C6F2A282}
		{984BB9B3-3FA3-BE33-9484-CAC21695A33C} = {827E0CD3-B72D-47B6-A68D-7590B98EB39B}
		{4E896A4E-CBE3-428A-A062-CE2567FBEA01} = {984BB9B3-3FA3-BE33-9484-CAC21695A33C}
		{B785F5E9-734A-44BC-9E32-6C1F0AC2D3AC} = {984BB9B3-3FA3-BE33-9484-CAC21695A33C}
		{B9C8CD78-1789-4D86-AB78-6F7A128CD0F5} = {984BB9B3-3FA3-BE33-9484-CAC21695A33C}
		{AE5C5287-01E8-4DA5-AE77-36094CE45AC0} = {984BB9B3-3FA3-BE33-9484-CAC21695A33C}
		{A2333CE4-2638-43DA-86D0-4466FB1D08EC} = {984BB9B3-3FA3-BE33-9484-CAC21695A33C}
		{28A6993C-471E-82FE-7D9E-AD3B1EC22BD9} = {0AB3BF05-4346-4AA6-1389-037BE0695223}
		{2D097547-1443-4D1E-A902-19297A0BB9AC} = {28A6993C-471E-82FE-7D9E-AD3B1EC22BD9}
		{9D556B49-86D1-93A7-9596-FFAAB74EC556} = {0AB3BF05-4346-4AA6-1389-037BE0695223}
		{259AA3ED-6424-4A25-ACDA-7C2A9EAE0855} = {9D556B49-86D1-93A7-9596-FFAAB74EC556}
	EndGlobalSection
EndGlobal
